{
  "pins" : [
    {
      "identity" : "swiftopenai",
      "kind" : "remoteSourceControl",
      "location" : "https://github.com/jamesrochabrun/SwiftOpenAI",
      "state" : {
        "branch" : "main",
        "revision" : "e4b64050933a9111e8f74aa0e18faaced3728fde"
      }
    }
  ],
  "version" : 2
}
